
Microsoft Visual Studio Solution File, Format Version 12.00
# Visual Studio Version 17
VisualStudioVersion = 17.4.33122.133
MinimumVisualStudioVersion = 10.0.40219.1
Project("{9A19103F-16F7-4668-BE54-9A1E7A4F7556}") = "Proyecto Final CoderHouse", "Proyecto Final CoderHouse.csproj", "{27903DE4-D73E-4C90-9922-4EA237D0870F}"
EndProject
Global
	GlobalSection(SolutionConfigurationPlatforms) = preSolution
		Debug|Any CPU = Debug|Any CPU
		Release|Any CPU = Release|Any CPU
	EndGlobalSection
	GlobalSection(ProjectConfigurationPlatforms) = postSolution
		{27903DE4-D73E-4C90-9922-4EA237D0870F}.Debug|Any CPU.ActiveCfg = Debug|Any CPU
		{27903DE4-D73E-4C90-9922-4EA237D0870F}.Debug|Any CPU.Build.0 = Debug|Any CPU
		{27903DE4-D73E-4C90-9922-4EA237D0870F}.Release|Any CPU.ActiveCfg = Release|Any CPU
		{27903DE4-D73E-4C90-9922-4EA237D0870F}.Release|Any CPU.Build.0 = Release|Any CPU
	EndGlobalSection
	GlobalSection(SolutionProperties) = preSolution
		HideSolutionNode = FALSE
	EndGlobalSection
	GlobalSection(ExtensibilityGlobals) = postSolution
		SolutionGuid = {58CE7AB2-C1BC-4865-83B6-BC9E27B3B55D}
	EndGlobalSection
EndGlobal
